
Microsoft Visual Studio Solution File, Format Version 12.00
# Visual Studio Version 17
VisualStudioVersion = 17.2.32616.157
MinimumVisualStudioVersion = 10.0.40219.1
Project("{FAE04EC0-301F-11D3-BF4B-00C04F79EFBC}") = "MVC_multipleClass", "MVC_multipleClass.csproj", "{5205896B-0AD2-426E-A75B-2C8C46A7A143}"
EndProject
Global
	GlobalSection(SolutionConfigurationPlatforms) = preSolution
		Debug|Any CPU = Debug|Any CPU
		Release|Any CPU = Release|Any CPU
	EndGlobalSection
	GlobalSection(ProjectConfigurationPlatforms) = postSolution
		{5205896B-0AD2-426E-A75B-2C8C46A7A143}.Debug|Any CPU.ActiveCfg = Debug|Any CPU
		{5205896B-0AD2-426E-A75B-2C8C46A7A143}.Debug|Any CPU.Build.0 = Debug|Any CPU
		{5205896B-0AD2-426E-A75B-2C8C46A7A143}.Release|Any CPU.ActiveCfg = Release|Any CPU
		{5205896B-0AD2-426E-A75B-2C8C46A7A143}.Release|Any CPU.Build.0 = Release|Any CPU
	EndGlobalSection
	GlobalSection(SolutionProperties) = preSolution
		HideSolutionNode = FALSE
	EndGlobalSection
	GlobalSection(ExtensibilityGlobals) = postSolution
		SolutionGuid = {DE6309EB-6F10-45EF-9C3D-536F93C07581}
	EndGlobalSection
EndGlobal
